
Microsoft Visual Studio Solution File, Format Version 12.00
# Visual Studio Version 16
VisualStudioVersion = 25.0.1706.10
MinimumVisualStudioVersion = 10.0.40219.1
Project("{FAE04EC0-301F-11D3-BF4B-00C04F79EFBC}") = "PRN231_Group5.Assignment1.Repo", "PRN231_Group5.Assignment1.Repo\PRN231_Group5.Assignment1.Repo.csproj", "{E2F50C0A-A28B-4EA9-97A0-DD483991E601}"
EndProject
Project("{FAE04EC0-301F-11D3-BF4B-00C04F79EFBC}") = "PRN231_Group5.Assignment1.API", "PRN231_Group5.Assignment1.API\PRN231_Group5.Assignment1.API.csproj", "{A48986C5-186D-46A0-9E20-58F589E30ABD}"
EndProject
Global
	GlobalSection(SolutionConfigurationPlatforms) = preSolution
		Debug|Any CPU = Debug|Any CPU
		Release|Any CPU = Release|Any CPU
	EndGlobalSection
	GlobalSection(ProjectConfigurationPlatforms) = postSolution
		{E2F50C0A-A28B-4EA9-97A0-DD483991E601}.Debug|Any CPU.ActiveCfg = Debug|Any CPU
		{E2F50C0A-A28B-4EA9-97A0-DD483991E601}.Debug|Any CPU.Build.0 = Debug|Any CPU
		{E2F50C0A-A28B-4EA9-97A0-DD483991E601}.Release|Any CPU.ActiveCfg = Release|Any CPU
		{E2F50C0A-A28B-4EA9-97A0-DD483991E601}.Release|Any CPU.Build.0 = Release|Any CPU
		{A48986C5-186D-46A0-9E20-58F589E30ABD}.Debug|Any CPU.ActiveCfg = Debug|Any CPU
		{A48986C5-186D-46A0-9E20-58F589E30ABD}.Debug|Any CPU.Build.0 = Debug|Any CPU
		{A48986C5-186D-46A0-9E20-58F589E30ABD}.Release|Any CPU.ActiveCfg = Release|Any CPU
		{A48986C5-186D-46A0-9E20-58F589E30ABD}.Release|Any CPU.Build.0 = Release|Any CPU
	EndGlobalSection
	GlobalSection(SolutionProperties) = preSolution
		HideSolutionNode = FALSE
	EndGlobalSection
	GlobalSection(ExtensibilityGlobals) = postSolution
		SolutionGuid = {B8EC360D-0471-4D9B-BDFB-7D57AC6EB5DB}
	EndGlobalSection
EndGlobal
